
Microsoft Visual Studio Solution File, Format Version 12.00
# Visual Studio Version 17
VisualStudioVersion = 17.13.35825.156 d17.13
MinimumVisualStudioVersion = 10.0.40219.1
Project("{FAE04EC0-301F-11D3-BF4B-00C04F79EFBC}") = "Login Application", "Login Application.csproj", "{7267571A-34FE-4499-BB18-F5D50FA7FCF9}"
EndProject
Global
	GlobalSection(SolutionConfigurationPlatforms) = preSolution
		Debug|Any CPU = Debug|Any CPU
		Release|Any CPU = Release|Any CPU
	EndGlobalSection
	GlobalSection(ProjectConfigurationPlatforms) = postSolution
		{7267571A-34FE-4499-BB18-F5D50FA7FCF9}.Debug|Any CPU.ActiveCfg = Debug|Any CPU
		{7267571A-34FE-4499-BB18-F5D50FA7FCF9}.Debug|Any CPU.Build.0 = Debug|Any CPU
		{7267571A-34FE-4499-BB18-F5D50FA7FCF9}.Release|Any CPU.ActiveCfg = Release|Any CPU
		{7267571A-34FE-4499-BB18-F5D50FA7FCF9}.Release|Any CPU.Build.0 = Release|Any CPU
	EndGlobalSection
	GlobalSection(SolutionProperties) = preSolution
		HideSolutionNode = FALSE
	EndGlobalSection
	GlobalSection(ExtensibilityGlobals) = postSolution
		SolutionGuid = {07B0284D-153D-4990-83D2-8AC5941B0E3B}
	EndGlobalSection
EndGlobal
